
Microsoft Visual Studio Solution File, Format Version 12.00
# Visual Studio Version 17
VisualStudioVersion = 17.14.36327.8 d17.14
MinimumVisualStudioVersion = 10.0.40219.1
Project("{54A90642-561A-4BB1-A94E-469ADEE60C69}") = "formulariolgpd.client", "formulariolgpd.client\formulariolgpd.client.esproj", "{45E21D90-7A17-2CCA-2693-6A39ACFDF0C5}"
EndProject
Project("{FAE04EC0-301F-11D3-BF4B-00C04F79EFBC}") = "FormularioLGPD.Server", "FormularioLGPD.Server\FormularioLGPD.Server.csproj", "{6AB0245D-4AA8-43EA-99D5-93157B2C4179}"
EndProject
Global
	GlobalSection(SolutionConfigurationPlatforms) = preSolution
		Debug|Any CPU = Debug|Any CPU
		Release|Any CPU = Release|Any CPU
	EndGlobalSection
	GlobalSection(ProjectConfigurationPlatforms) = postSolution
		{45E21D90-7A17-2CCA-2693-6A39ACFDF0C5}.Debug|Any CPU.ActiveCfg = Debug|Any CPU
		{45E21D90-7A17-2CCA-2693-6A39ACFDF0C5}.Debug|Any CPU.Build.0 = Debug|Any CPU
		{45E21D90-7A17-2CCA-2693-6A39ACFDF0C5}.Debug|Any CPU.Deploy.0 = Debug|Any CPU
		{45E21D90-7A17-2CCA-2693-6A39ACFDF0C5}.Release|Any CPU.ActiveCfg = Release|Any CPU
		{45E21D90-7A17-2CCA-2693-6A39ACFDF0C5}.Release|Any CPU.Build.0 = Release|Any CPU
		{45E21D90-7A17-2CCA-2693-6A39ACFDF0C5}.Release|Any CPU.Deploy.0 = Release|Any CPU
		{6AB0245D-4AA8-43EA-99D5-93157B2C4179}.Debug|Any CPU.ActiveCfg = Debug|Any CPU
		{6AB0245D-4AA8-43EA-99D5-93157B2C4179}.Debug|Any CPU.Build.0 = Debug|Any CPU
		{6AB0245D-4AA8-43EA-99D5-93157B2C4179}.Release|Any CPU.ActiveCfg = Release|Any CPU
		{6AB0245D-4AA8-43EA-99D5-93157B2C4179}.Release|Any CPU.Build.0 = Release|Any CPU
	EndGlobalSection
	GlobalSection(SolutionProperties) = preSolution
		HideSolutionNode = FALSE
	EndGlobalSection
	GlobalSection(ExtensibilityGlobals) = postSolution
		SolutionGuid = {0ED2DE23-D7F1-4758-83AB-C9C759C06AE3}
	EndGlobalSection
EndGlobal
